
Microsoft Visual Studio Solution File, Format Version 12.00
# Visual Studio Version 16
VisualStudioVersion = 16.0.32413.511
MinimumVisualStudioVersion = 10.0.40219.1
Project("{FAE04EC0-301F-11D3-BF4B-00C04F79EFBC}") = "ejercicio1DeAgustinMaglione", "ejercicio1DeAgustinMaglione\ejercicio1DeAgustinMaglione.csproj", "{3F5688C0-09B3-4FAC-B690-C2CAC4C6FD5D}"
EndProject
Global
	GlobalSection(SolutionConfigurationPlatforms) = preSolution
		Debug|Any CPU = Debug|Any CPU
		Release|Any CPU = Release|Any CPU
	EndGlobalSection
	GlobalSection(ProjectConfigurationPlatforms) = postSolution
		{3F5688C0-09B3-4FAC-B690-C2CAC4C6FD5D}.Debug|Any CPU.ActiveCfg = Debug|Any CPU
		{3F5688C0-09B3-4FAC-B690-C2CAC4C6FD5D}.Debug|Any CPU.Build.0 = Debug|Any CPU
		{3F5688C0-09B3-4FAC-B690-C2CAC4C6FD5D}.Release|Any CPU.ActiveCfg = Release|Any CPU
		{3F5688C0-09B3-4FAC-B690-C2CAC4C6FD5D}.Release|Any CPU.Build.0 = Release|Any CPU
	EndGlobalSection
	GlobalSection(SolutionProperties) = preSolution
		HideSolutionNode = FALSE
	EndGlobalSection
	GlobalSection(ExtensibilityGlobals) = postSolution
		SolutionGuid = {F6B48D99-D899-4ADF-ABF6-D46624202BEE}
	EndGlobalSection
EndGlobal
